aws_ecr_repository.app: Refreshing state... [id=ecs-flask-repo]

Terraform used the selected providers to generate the following execution
plan. Resource actions are indicated with the following symbols:
  + create

Terraform will perform the following actions:

  # aws_ecs_cluster.cluster will be created
  + resource "aws_ecs_cluster" "cluster" {
      + arn      = (known after apply)
      + id       = (known after apply)
      + name     = "ecs-flask-cluster"
      + tags     = {
          + "ManagedBy" = "Terraform"
          + "Project"   = "ecs-flask"
        }
      + tags_all = {
          + "ManagedBy" = "Terraform"
          + "Project"   = "ecs-flask"
        }

      + setting (known after apply)
    }

  # aws_internet_gateway.igw will be created
  + resource "aws_internet_gateway" "igw" {
      + arn      = (known after apply)
      + id       = (known after apply)
      + owner_id = (known after apply)
      + tags     = {
          + "Name" = "ecs-flask-igw"
        }
      + tags_all = {
          + "Name" = "ecs-flask-igw"
        }
      + vpc_id   = (known after apply)
    }

  # aws_route_table.public will be created
  + resource "aws_route_table" "public" {
      + arn              = (known after apply)
      + id               = (known after apply)
      + owner_id         = (known after apply)
      + propagating_vgws = (known after apply)
      + route            = [
          + {
              + cidr_block                 = "0.0.0.0/0"
              + gateway_id                 = (known after apply)
                # (11 unchanged attributes hidden)
            },
        ]
      + tags             = {
          + "Name" = "ecs-flask-rt"
        }
      + tags_all         = {
          + "Name" = "ecs-flask-rt"
        }
      + vpc_id           = (known after apply)
    }

  # aws_route_table_association.a will be created
  + resource "aws_route_table_association" "a" {
      + id             = (known after apply)
      + route_table_id = (known after apply)
      + subnet_id      = (known after apply)
    }

  # aws_route_table_association.b will be created
  + resource "aws_route_table_association" "b" {
      + id             = (known after apply)
      + route_table_id = (known after apply)
      + subnet_id      = (known after apply)
    }

  # aws_security_group.ecs_sg will be created
  + resource "aws_security_group" "ecs_sg" {
      + arn                    = (known after apply)
      + description            = "Allow HTTP traffic"
      + egress                 = [
          + {
              + cidr_blocks      = [
                  + "0.0.0.0/0",
                ]
              + from_port        = 0
              + ipv6_cidr_blocks = []
              + prefix_list_ids  = []
              + protocol         = "-1"
              + security_groups  = []
              + self             = false
              + to_port          = 0
                # (1 unchanged attribute hidden)
            },
        ]
      + id                     = (known after apply)
      + ingress                = [
          + {
              + cidr_blocks      = [
                  + "0.0.0.0/0",
                ]
              + from_port        = 8080
              + ipv6_cidr_blocks = []
              + prefix_list_ids  = []
              + protocol         = "tcp"
              + security_groups  = []
              + self             = false
              + to_port          = 8080
                # (1 unchanged attribute hidden)
            },
        ]
      + name                   = "ecs-flask-sg"
      + name_prefix            = (known after apply)
      + owner_id               = (known after apply)
      + revoke_rules_on_delete = false
      + tags                   = {
          + "Name" = "ecs-flask-sg"
        }
      + tags_all               = {
          + "Name" = "ecs-flask-sg"
        }
      + vpc_id                 = (known after apply)
    }

  # aws_subnet.public_a will be created
  + resource "aws_subnet" "public_a" {
      + arn                                            = (known after apply)
      + assign_ipv6_address_on_creation                = false
      + availability_zone                              = "ap-southeast-1a"
      + availability_zone_id                           = (known after apply)
      + cidr_block                                     = "10.0.1.0/24"
      + enable_dns64                                   = false
      + enable_resource_name_dns_a_record_on_launch    = false
      + enable_resource_name_dns_aaaa_record_on_launch = false
      + id                                             = (known after apply)
      + ipv6_cidr_block_association_id                 = (known after apply)
      + ipv6_native                                    = false
      + map_public_ip_on_launch                        = true
      + owner_id                                       = (known after apply)
      + private_dns_hostname_type_on_launch            = (known after apply)
      + tags                                           = {
          + "Name" = "ecs-flask-subnet-a"
        }
      + tags_all                                       = {
          + "Name" = "ecs-flask-subnet-a"
        }
      + vpc_id                                         = (known after apply)
    }

  # aws_subnet.public_b will be created
  + resource "aws_subnet" "public_b" {
      + arn                                            = (known after apply)
      + assign_ipv6_address_on_creation                = false
      + availability_zone                              = "ap-southeast-1b"
      + availability_zone_id                           = (known after apply)
      + cidr_block                                     = "10.0.2.0/24"
      + enable_dns64                                   = false
      + enable_resource_name_dns_a_record_on_launch    = false
      + enable_resource_name_dns_aaaa_record_on_launch = false
      + id                                             = (known after apply)
      + ipv6_cidr_block_association_id                 = (known after apply)
      + ipv6_native                                    = false
      + map_public_ip_on_launch                        = true
      + owner_id                                       = (known after apply)
      + private_dns_hostname_type_on_launch            = (known after apply)
      + tags                                           = {
          + "Name" = "ecs-flask-subnet-b"
        }
      + tags_all                                       = {
          + "Name" = "ecs-flask-subnet-b"
        }
      + vpc_id                                         = (known after apply)
    }

  # aws_vpc.main will be created
  + resource "aws_vpc" "main" {
      + arn                                  = (known after apply)
      + cidr_block                           = "10.0.0.0/16"
      + default_network_acl_id               = (known after apply)
      + default_route_table_id               = (known after apply)
      + default_security_group_id            = (known after apply)
      + dhcp_options_id                      = (known after apply)
      + enable_dns_hostnames                 = (known after apply)
      + enable_dns_support                   = true
      + enable_network_address_usage_metrics = (known after apply)
      + id                                   = (known after apply)
      + instance_tenancy                     = "default"
      + ipv6_association_id                  = (known after apply)
      + ipv6_cidr_block                      = (known after apply)
      + ipv6_cidr_block_network_border_group = (known after apply)
      + main_route_table_id                  = (known after apply)
      + owner_id                             = (known after apply)
      + tags                                 = {
          + "Name" = "ecs-flask-vpc"
        }
      + tags_all                             = {
          + "Name" = "ecs-flask-vpc"
        }
    }

Plan: 9 to add, 0 to change, 0 to destroy.

Changes to Outputs:
  + ecr_url          = "309322535290.dkr.ecr.ap-southeast-1.amazonaws.com/ecs-flask-repo"
  + ecs_cluster_name = "ecs-flask-cluster"

─────────────────────────────────────────────────────────────────────────────

Note: You didn't use the -out option to save this plan, so Terraform can't
guarantee to take exactly these actions if you run "terraform apply" now.
